
Microsoft Visual Studio Solution File, Format Version 12.00
Project("{FAE04EC0-301F-11D3-BF4B-00C04F79EFBC}") = "ChocolateDelivery.UI", "ChocolateDelivery.UI\ChocolateDelivery.UI.csproj", "{24EF9EFA-E135-46A5-BE9B-580896C9150D}"
EndProject
Project("{FAE04EC0-301F-11D3-BF4B-00C04F79EFBC}") = "ChocolateDelivery.BLL", "ChocolateDelivery.BLL\ChocolateDelivery.BLL.csproj", "{1481B85D-5D3D-4828-924C-370A9268DB14}"
EndProject
Project("{FAE04EC0-301F-11D3-BF4B-00C04F79EFBC}") = "ChocolateDelivery.DAL", "ChocolateDelivery.DAL\ChocolateDelivery.DAL.csproj", "{1C8B9115-2918-4410-A1BB-0BAA1C82E918}"
EndProject
Global
	GlobalSection(SolutionConfigurationPlatforms) = preSolution
		Debug|Any CPU = Debug|Any CPU
		Release|Any CPU = Release|Any CPU
	EndGlobalSection
	GlobalSection(ProjectConfigurationPlatforms) = postSolution
		{24EF9EFA-E135-46A5-BE9B-580896C9150D}.Debug|Any CPU.ActiveCfg = Debug|Any CPU
		{24EF9EFA-E135-46A5-BE9B-580896C9150D}.Debug|Any CPU.Build.0 = Debug|Any CPU
		{24EF9EFA-E135-46A5-BE9B-580896C9150D}.Release|Any CPU.ActiveCfg = Release|Any CPU
		{24EF9EFA-E135-46A5-BE9B-580896C9150D}.Release|Any CPU.Build.0 = Release|Any CPU
		{1481B85D-5D3D-4828-924C-370A9268DB14}.Debug|Any CPU.ActiveCfg = Debug|Any CPU
		{1481B85D-5D3D-4828-924C-370A9268DB14}.Debug|Any CPU.Build.0 = Debug|Any CPU
		{1481B85D-5D3D-4828-924C-370A9268DB14}.Release|Any CPU.ActiveCfg = Release|Any CPU
		{1481B85D-5D3D-4828-924C-370A9268DB14}.Release|Any CPU.Build.0 = Release|Any CPU
		{1C8B9115-2918-4410-A1BB-0BAA1C82E918}.Debug|Any CPU.ActiveCfg = Debug|Any CPU
		{1C8B9115-2918-4410-A1BB-0BAA1C82E918}.Debug|Any CPU.Build.0 = Debug|Any CPU
		{1C8B9115-2918-4410-A1BB-0BAA1C82E918}.Release|Any CPU.ActiveCfg = Release|Any CPU
		{1C8B9115-2918-4410-A1BB-0BAA1C82E918}.Release|Any CPU.Build.0 = Release|Any CPU
	EndGlobalSection
EndGlobal
